
Microsoft Visual Studio Solution File, Format Version 12.00
# Visual Studio Version 16
VisualStudioVersion = 16.0.30804.86
MinimumVisualStudioVersion = 10.0.40219.1
Project("{9A19103F-16F7-4668-BE54-9A1E7A4F7556}") = "BlazorCollapsableNavMenu", "BlazorCollapsableNavMenu\BlazorCollapsableNavMenu.csproj", "{72455EA6-A481-49DC-BB44-9D005DFA1323}"
EndProject
Global
	GlobalSection(SolutionConfigurationPlatforms) = preSolution
		Debug|Any CPU = Debug|Any CPU
		Release|Any CPU = Release|Any CPU
	EndGlobalSection
	GlobalSection(ProjectConfigurationPlatforms) = postSolution
		{72455EA6-A481-49DC-BB44-9D005DFA1323}.Debug|Any CPU.ActiveCfg = Debug|Any CPU
		{72455EA6-A481-49DC-BB44-9D005DFA1323}.Debug|Any CPU.Build.0 = Debug|Any CPU
		{72455EA6-A481-49DC-BB44-9D005DFA1323}.Release|Any CPU.ActiveCfg = Release|Any CPU
		{72455EA6-A481-49DC-BB44-9D005DFA1323}.Release|Any CPU.Build.0 = Release|Any CPU
	EndGlobalSection
	GlobalSection(SolutionProperties) = preSolution
		HideSolutionNode = FALSE
	EndGlobalSection
	GlobalSection(ExtensibilityGlobals) = postSolution
		SolutionGuid = {4ACB1458-8683-4412-A107-839EA8801650}
	EndGlobalSection
EndGlobal
